
Microsoft Visual Studio Solution File, Format Version 12.00
# Visual Studio 15
VisualStudioVersion = 15.0.26124.0
MinimumVisualStudioVersion = 15.0.26124.0
Project("{FAE04EC0-301F-11D3-BF4B-00C04F79EFBC}") = "Application", "Api.Application\Application.csproj", "{2435579E-0A6E-4675-A860-711A045BF3FE}"
EndProject
Project("{FAE04EC0-301F-11D3-BF4B-00C04F79EFBC}") = "Domain", "Api.Domain\Domain.csproj", "{3385B674-FF6B-41DA-8A1F-680C9246B718}"
EndProject
Project("{FAE04EC0-301F-11D3-BF4B-00C04F79EFBC}") = "CrossCutting", "Api.CrossCutting\CrossCutting.csproj", "{616A8C4E-EFB9-4B80-AE09-1BDCE597CF9A}"
EndProject
Project("{FAE04EC0-301F-11D3-BF4B-00C04F79EFBC}") = "Data", "Api.Data\Data.csproj", "{9B8B74C2-03A9-4217-BC67-A89ED4B999AD}"
EndProject
Project("{FAE04EC0-301F-11D3-BF4B-00C04F79EFBC}") = "Service", "Api.Service\Service.csproj", "{C9E17B01-3DA9-4C5B-8A73-1B7DE6500A5C}"
EndProject
Global
	GlobalSection(SolutionConfigurationPlatforms) = preSolution
		Debug|Any CPU = Debug|Any CPU
		Debug|x64 = Debug|x64
		Debug|x86 = Debug|x86
		Release|Any CPU = Release|Any CPU
		Release|x64 = Release|x64
		Release|x86 = Release|x86
	EndGlobalSection
	GlobalSection(SolutionProperties) = preSolution
		HideSolutionNode = FALSE
	EndGlobalSection
	GlobalSection(ProjectConfigurationPlatforms) = postSolution
		{2435579E-0A6E-4675-A860-711A045BF3FE}.Debug|Any CPU.ActiveCfg = Debug|Any CPU
		{2435579E-0A6E-4675-A860-711A045BF3FE}.Debug|Any CPU.Build.0 = Debug|Any CPU
		{2435579E-0A6E-4675-A860-711A045BF3FE}.Debug|x64.ActiveCfg = Debug|Any CPU
		{2435579E-0A6E-4675-A860-711A045BF3FE}.Debug|x64.Build.0 = Debug|Any CPU
		{2435579E-0A6E-4675-A860-711A045BF3FE}.Debug|x86.ActiveCfg = Debug|Any CPU
		{2435579E-0A6E-4675-A860-711A045BF3FE}.Debug|x86.Build.0 = Debug|Any CPU
		{2435579E-0A6E-4675-A860-711A045BF3FE}.Release|Any CPU.ActiveCfg = Release|Any CPU
		{2435579E-0A6E-4675-A860-711A045BF3FE}.Release|Any CPU.Build.0 = Release|Any CPU
		{2435579E-0A6E-4675-A860-711A045BF3FE}.Release|x64.ActiveCfg = Release|Any CPU
		{2435579E-0A6E-4675-A860-711A045BF3FE}.Release|x64.Build.0 = Release|Any CPU
		{2435579E-0A6E-4675-A860-711A045BF3FE}.Release|x86.ActiveCfg = Release|Any CPU
		{2435579E-0A6E-4675-A860-711A045BF3FE}.Release|x86.Build.0 = Release|Any CPU
		{3385B674-FF6B-41DA-8A1F-680C9246B718}.Debug|Any CPU.ActiveCfg = Debug|Any CPU
		{3385B674-FF6B-41DA-8A1F-680C9246B718}.Debug|Any CPU.Build.0 = Debug|Any CPU
		{3385B674-FF6B-41DA-8A1F-680C9246B718}.Debug|x64.ActiveCfg = Debug|Any CPU
		{3385B674-FF6B-41DA-8A1F-680C9246B718}.Debug|x64.Build.0 = Debug|Any CPU
		{3385B674-FF6B-41DA-8A1F-680C9246B718}.Debug|x86.ActiveCfg = Debug|Any CPU
		{3385B674-FF6B-41DA-8A1F-680C9246B718}.Debug|x86.Build.0 = Debug|Any CPU
		{3385B674-FF6B-41DA-8A1F-680C9246B718}.Release|Any CPU.ActiveCfg = Release|Any CPU
		{3385B674-FF6B-41DA-8A1F-680C9246B718}.Release|Any CPU.Build.0 = Release|Any CPU
		{3385B674-FF6B-41DA-8A1F-680C9246B718}.Release|x64.ActiveCfg = Release|Any CPU
		{3385B674-FF6B-41DA-8A1F-680C9246B718}.Release|x64.Build.0 = Release|Any CPU
		{3385B674-FF6B-41DA-8A1F-680C9246B718}.Release|x86.ActiveCfg = Release|Any CPU
		{3385B674-FF6B-41DA-8A1F-680C9246B718}.Release|x86.Build.0 = Release|Any CPU
		{616A8C4E-EFB9-4B80-AE09-1BDCE597CF9A}.Debug|Any CPU.ActiveCfg = Debug|Any CPU
		{616A8C4E-EFB9-4B80-AE09-1BDCE597CF9A}.Debug|Any CPU.Build.0 = Debug|Any CPU
		{616A8C4E-EFB9-4B80-AE09-1BDCE597CF9A}.Debug|x64.ActiveCfg = Debug|Any CPU
		{616A8C4E-EFB9-4B80-AE09-1BDCE597CF9A}.Debug|x64.Build.0 = Debug|Any CPU
		{616A8C4E-EFB9-4B80-AE09-1BDCE597CF9A}.Debug|x86.ActiveCfg = Debug|Any CPU
		{616A8C4E-EFB9-4B80-AE09-1BDCE597CF9A}.Debug|x86.Build.0 = Debug|Any CPU
		{616A8C4E-EFB9-4B80-AE09-1BDCE597CF9A}.Release|Any CPU.ActiveCfg = Release|Any CPU
		{616A8C4E-EFB9-4B80-AE09-1BDCE597CF9A}.Release|Any CPU.Build.0 = Release|Any CPU
		{616A8C4E-EFB9-4B80-AE09-1BDCE597CF9A}.Release|x64.ActiveCfg = Release|Any CPU
		{616A8C4E-EFB9-4B80-AE09-1BDCE597CF9A}.Release|x64.Build.0 = Release|Any CPU
		{616A8C4E-EFB9-4B80-AE09-1BDCE597CF9A}.Release|x86.ActiveCfg = Release|Any CPU
		{616A8C4E-EFB9-4B80-AE09-1BDCE597CF9A}.Release|x86.Build.0 = Release|Any CPU
		{9B8B74C2-03A9-4217-BC67-A89ED4B999AD}.Debug|Any CPU.ActiveCfg = Debug|Any CPU
		{9B8B74C2-03A9-4217-BC67-A89ED4B999AD}.Debug|Any CPU.Build.0 = Debug|Any CPU
		{9B8B74C2-03A9-4217-BC67-A89ED4B999AD}.Debug|x64.ActiveCfg = Debug|Any CPU
		{9B8B74C2-03A9-4217-BC67-A89ED4B999AD}.Debug|x64.Build.0 = Debug|Any CPU
		{9B8B74C2-03A9-4217-BC67-A89ED4B999AD}.Debug|x86.ActiveCfg = Debug|Any CPU
		{9B8B74C2-03A9-4217-BC67-A89ED4B999AD}.Debug|x86.Build.0 = Debug|Any CPU
		{9B8B74C2-03A9-4217-BC67-A89ED4B999AD}.Release|Any CPU.ActiveCfg = Release|Any CPU
		{9B8B74C2-03A9-4217-BC67-A89ED4B999AD}.Release|Any CPU.Build.0 = Release|Any CPU
		{9B8B74C2-03A9-4217-BC67-A89ED4B999AD}.Release|x64.ActiveCfg = Release|Any CPU
		{9B8B74C2-03A9-4217-BC67-A89ED4B999AD}.Release|x64.Build.0 = Release|Any CPU
		{9B8B74C2-03A9-4217-BC67-A89ED4B999AD}.Release|x86.ActiveCfg = Release|Any CPU
		{9B8B74C2-03A9-4217-BC67-A89ED4B999AD}.Release|x86.Build.0 = Release|Any CPU
		{C9E17B01-3DA9-4C5B-8A73-1B7DE6500A5C}.Debug|Any CPU.ActiveCfg = Debug|Any CPU
		{C9E17B01-3DA9-4C5B-8A73-1B7DE6500A5C}.Debug|Any CPU.Build.0 = Debug|Any CPU
		{C9E17B01-3DA9-4C5B-8A73-1B7DE6500A5C}.Debug|x64.ActiveCfg = Debug|Any CPU
		{C9E17B01-3DA9-4C5B-8A73-1B7DE6500A5C}.Debug|x64.Build.0 = Debug|Any CPU
		{C9E17B01-3DA9-4C5B-8A73-1B7DE6500A5C}.Debug|x86.ActiveCfg = Debug|Any CPU
		{C9E17B01-3DA9-4C5B-8A73-1B7DE6500A5C}.Debug|x86.Build.0 = Debug|Any CPU
		{C9E17B01-3DA9-4C5B-8A73-1B7DE6500A5C}.Release|Any CPU.ActiveCfg = Release|Any CPU
		{C9E17B01-3DA9-4C5B-8A73-1B7DE6500A5C}.Release|Any CPU.Build.0 = Release|Any CPU
		{C9E17B01-3DA9-4C5B-8A73-1B7DE6500A5C}.Release|x64.ActiveCfg = Release|Any CPU
		{C9E17B01-3DA9-4C5B-8A73-1B7DE6500A5C}.Release|x64.Build.0 = Release|Any CPU
		{C9E17B01-3DA9-4C5B-8A73-1B7DE6500A5C}.Release|x86.ActiveCfg = Release|Any CPU
		{C9E17B01-3DA9-4C5B-8A73-1B7DE6500A5C}.Release|x86.Build.0 = Release|Any CPU
	EndGlobalSection
EndGlobal
